
Microsoft Visual Studio Solution File, Format Version 12.00
# Visual Studio Version 17
VisualStudioVersion = 17.6.33815.320
MinimumVisualStudioVersion = 10.0.40219.1
Project("{FAE04EC0-301F-11D3-BF4B-00C04F79EFBC}") = "WebSearch", "WebSearch\WebSearch.csproj", "{EBB8BB9A-EFC6-42A9-8A61-6B88BA679E35}"
EndProject
Project("{FAE04EC0-301F-11D3-BF4B-00C04F79EFBC}") = "SearchAPI", "SearchAPI\SearchAPI.csproj", "{F75F224A-790B-41A4-A459-21F41019AF76}"
EndProject
Global
	GlobalSection(SolutionConfigurationPlatforms) = preSolution
		Debug|Any CPU = Debug|Any CPU
		Release|Any CPU = Release|Any CPU
	EndGlobalSection
	GlobalSection(ProjectConfigurationPlatforms) = postSolution
		{EBB8BB9A-EFC6-42A9-8A61-6B88BA679E35}.Debug|Any CPU.ActiveCfg = Debug|Any CPU
		{EBB8BB9A-EFC6-42A9-8A61-6B88BA679E35}.Debug|Any CPU.Build.0 = Debug|Any CPU
		{EBB8BB9A-EFC6-42A9-8A61-6B88BA679E35}.Release|Any CPU.ActiveCfg = Release|Any CPU
		{EBB8BB9A-EFC6-42A9-8A61-6B88BA679E35}.Release|Any CPU.Build.0 = Release|Any CPU
		{F75F224A-790B-41A4-A459-21F41019AF76}.Debug|Any CPU.ActiveCfg = Debug|Any CPU
		{F75F224A-790B-41A4-A459-21F41019AF76}.Debug|Any CPU.Build.0 = Debug|Any CPU
		{F75F224A-790B-41A4-A459-21F41019AF76}.Release|Any CPU.ActiveCfg = Release|Any CPU
		{F75F224A-790B-41A4-A459-21F41019AF76}.Release|Any CPU.Build.0 = Release|Any CPU
	EndGlobalSection
	GlobalSection(SolutionProperties) = preSolution
		HideSolutionNode = FALSE
	EndGlobalSection
	GlobalSection(ExtensibilityGlobals) = postSolution
		SolutionGuid = {9711FDD6-4A8C-4EEA-976A-831C11F0D842}
	EndGlobalSection
EndGlobal
